// !$*UTF8*$!
{
	archiveVersion = 1;
	classes = {
	};
	objectVersion = 50;
	objects = {

/* Begin PBXBuildFile section */
		EA30D18923B3312B0025E1B4 /* AppDelegate.swift in Sources */ = {isa = PBXBuildFile; fileRef = EA30D18823B3312B0025E1B4 /* AppDelegate.swift */; };
		EA30D18B23B3312B0025E1B4 /* SceneDelegate.swift in Sources */ = {isa = PBXBuildFile; fileRef = EA30D18A23B3312B0025E1B4 /* SceneDelegate.swift */; };
		EA30D18D23B3312B0025E1B4 /* ContentView.swift in Sources */ = {isa = PBXBuildFile; fileRef = EA30D18C23B3312B0025E1B4 /* ContentView.swift */; };
		EA30D18F23B3312F0025E1B4 /* Assets.xcassets in Resources */ = {isa = PBXBuildFile; fileRef = EA30D18E23B3312F0025E1B4 /* Assets.xcassets */; };
		EA30D19223B3312F0025E1B4 /* Preview Assets.xcassets in Resources */ = {isa = PBXBuildFile; fileRef = EA30D19123B3312F0025E1B4 /* Preview Assets.xcassets */; };
		EA30D19523B3312F0025E1B4 /* LaunchScreen.storyboard in Resources */ = {isa = PBXBuildFile; fileRef = EA30D19323B3312F0025E1B4 /* LaunchScreen.storyboard */; };
		EA30D19E23B33D7F0025E1B4 /* WebViewController.swift in Sources */ = {isa = PBXBuildFile; fileRef = EA30D19D23B33D7F0025E1B4 /* WebViewController.swift */; };
		EA30D1A023B340EA0025E1B4 /* ListRowView.swift in Sources */ = {isa = PBXBuildFile; fileRef = EA30D19F23B340E90025E1B4 /* ListRowView.swift */; };
		EA30D1A223B348CD0025E1B4 /* ControllerWrapper.swift in Sources */ = {isa = PBXBuildFile; fileRef = EA30D1A123B348CD0025E1B4 /* ControllerWrapper.swift */; };
		EA30D1A423B34A5C0025E1B4 /* MyViewController.swift in Sources */ = {isa = PBXBuildFile; fileRef = EA30D1A323B34A5C0025E1B4 /* MyViewController.swift */; };
		EA30D1A623B353110025E1B4 /* TextViewPage.swift in Sources */ = {isa = PBXBuildFile; fileRef = EA30D1A523B353110025E1B4 /* TextViewPage.swift */; };
		EA30D1A823B35DF50025E1B4 /* TextFieldView.swift in Sources */ = {isa = PBXBuildFile; fileRef = EA30D1A723B35DF50025E1B4 /* TextFieldView.swift */; };
		EA30D1AA23B363630025E1B4 /* ButtonView.swift in Sources */ = {isa = PBXBuildFile; fileRef = EA30D1A923B363630025E1B4 /* ButtonView.swift */; };
		EA30D1AC23B365260025E1B4 /* ImageViewSample.swift in Sources */ = {isa = PBXBuildFile; fileRef = EA30D1AB23B365260025E1B4 /* ImageViewSample.swift */; };
		EA30D1AE23B367140025E1B4 /* NavigationButtonView.swift in Sources */ = {isa = PBXBuildFile; fileRef = EA30D1AD23B367140025E1B4 /* NavigationButtonView.swift */; };
		EA48301023B5F40C00E596DA /* WebImageViewSample.swift in Sources */ = {isa = PBXBuildFile; fileRef = EA48300F23B5F40C00E596DA /* WebImageViewSample.swift */; };
		EA48301223B5F7D400E596DA /* PickerSample.swift in Sources */ = {isa = PBXBuildFile; fileRef = EA48301123B5F7D400E596DA /* PickerSample.swift */; };
		EA48301423B5F7F300E596DA /* DatePickerSample.swift in Sources */ = {isa = PBXBuildFile; fileRef = EA48301323B5F7F300E596DA /* DatePickerSample.swift */; };
		EA48301623B5F80B00E596DA /* ToggleSample.swift in Sources */ = {isa = PBXBuildFile; fileRef = EA48301523B5F80B00E596DA /* ToggleSample.swift */; };
		EA48301823B5F81800E596DA /* SliderSample.swift in Sources */ = {isa = PBXBuildFile; fileRef = EA48301723B5F81800E596DA /* SliderSample.swift */; };
		EA48301A23B5F82400E596DA /* StepperSample.swift in Sources */ = {isa = PBXBuildFile; fileRef = EA48301923B5F82400E596DA /* StepperSample.swift */; };
		EA48301D23B6069B00E596DA /* DateExtension.swift in Sources */ = {isa = PBXBuildFile; fileRef = EA48301C23B6069B00E596DA /* DateExtension.swift */; };
		EA5DFFB123BDCA1E0007D1C6 /* NavigationViewSample.swift in Sources */ = {isa = PBXBuildFile; fileRef = EA5DFFB023BDCA1E0007D1C6 /* NavigationViewSample.swift */; };
		EA5DFFB323BDCA550007D1C6 /* TableViewSample.swift in Sources */ = {isa = PBXBuildFile; fileRef = EA5DFFB223BDCA550007D1C6 /* TableViewSample.swift */; };
		EA5DFFB523BDCACF0007D1C6 /* AlertViewSample.swift in Sources */ = {isa = PBXBuildFile; fileRef = EA5DFFB423BDCACF0007D1C6 /* AlertViewSample.swift */; };
		EA5DFFB923BDCB3F0007D1C6 /* ModalViewSample.swift in Sources */ = {isa = PBXBuildFile; fileRef = EA5DFFB823BDCB3F0007D1C6 /* ModalViewSample.swift */; };
		EA5DFFBB23BDCB780007D1C6 /* PopoverViewSample.swift in Sources */ = {isa = PBXBuildFile; fileRef = EA5DFFBA23BDCB780007D1C6 /* PopoverViewSample.swift */; };
		EA5DFFBD23BDE0E80007D1C6 /* ActionSheetSample.swift in Sources */ = {isa = PBXBuildFile; fileRef = EA5DFFBC23BDE0E80007D1C6 /* ActionSheetSample.swift */; };
		EAB408D723BAF693000127FC /* ForEachViewSample.swift in Sources */ = {isa = PBXBuildFile; fileRef = EAB408D623BAF693000127FC /* ForEachViewSample.swift */; };
		EAB408D923BAF9AB000127FC /* GroupViewSample.swift in Sources */ = {isa = PBXBuildFile; fileRef = EAB408D823BAF9AB000127FC /* GroupViewSample.swift */; };
		EAB408DB23BB1109000127FC /* SectionViewSample.swift in Sources */ = {isa = PBXBuildFile; fileRef = EAB408DA23BB1109000127FC /* SectionViewSample.swift */; };
		EAC40CA623B9E581002583B5 /* HStackViewSample.swift in Sources */ = {isa = PBXBuildFile; fileRef = EAC40CA523B9E581002583B5 /* HStackViewSample.swift */; };
		EAC40CA823B9E599002583B5 /* VStackViewSample.swift in Sources */ = {isa = PBXBuildFile; fileRef = EAC40CA723B9E599002583B5 /* VStackViewSample.swift */; };
		EAC40CAA23B9FD48002583B5 /* ZStackViewSample.swift in Sources */ = {isa = PBXBuildFile; fileRef = EAC40CA923B9FD48002583B5 /* ZStackViewSample.swift */; };
		EAC40CAC23B9FE3A002583B5 /* ListViewSample.swift in Sources */ = {isa = PBXBuildFile; fileRef = EAC40CAB23B9FE3A002583B5 /* ListViewSample.swift */; };
		EAC40CAE23B9FEE4002583B5 /* ScrollViewSample.swift in Sources */ = {isa = PBXBuildFile; fileRef = EAC40CAD23B9FEE4002583B5 /* ScrollViewSample.swift */; };
/* End PBXBuildFile section */

/* Begin PBXFileReference section */
		EA30D18523B3312B0025E1B4 /* SwiftUISample.app */ = {isa = PBXFileReference; explicitFileType = wrapper.application; includeInIndex = 0; path = SwiftUISample.app; sourceTree = BUILT_PRODUCTS_DIR; };
		EA30D18823B3312B0025E1B4 /* AppDelegate.swift */ = {isa = PBXFileReference; lastKnownFileType = sourcecode.swift; path = AppDelegate.swift; sourceTree = "<group>"; };
		EA30D18A23B3312B0025E1B4 /* SceneDelegate.swift */ = {isa = PBXFileReference; lastKnownFileType = sourcecode.swift; path = SceneDelegate.swift; sourceTree = "<group>"; };
		EA30D18C23B3312B0025E1B4 /* ContentView.swift */ = {isa = PBXFileReference; lastKnownFileType = sourcecode.swift; path = ContentView.swift; sourceTree = "<group>"; };
		EA30D18E23B3312F0025E1B4 /* Assets.xcassets */ = {isa = PBXFileReference; lastKnownFileType = folder.assetcatalog; path = Assets.xcassets; sourceTree = "<group>"; };
		EA30D19123B3312F0025E1B4 /* Preview Assets.xcassets */ = {isa = PBXFileReference; lastKnownFileType = folder.assetcatalog; path = "Preview Assets.xcassets"; sourceTree = "<group>"; };
		EA30D19423B3312F0025E1B4 /* Base */ = {isa = PBXFileReference; lastKnownFileType = file.storyboard; name = Base; path = Base.lproj/LaunchScreen.storyboard; sourceTree = "<group>"; };
		EA30D19623B3312F0025E1B4 /* Info.plist */ = {isa = PBXFileReference; lastKnownFileType = text.plist.xml; path = Info.plist; sourceTree = "<group>"; };
		EA30D19D23B33D7F0025E1B4 /* WebViewController.swift */ = {isa = PBXFileReference; lastKnownFileType = sourcecode.swift; path = WebViewController.swift; sourceTree = "<group>"; };
		EA30D19F23B340E90025E1B4 /* ListRowView.swift */ = {isa = PBXFileReference; lastKnownFileType = sourcecode.swift; path = ListRowView.swift; sourceTree = "<group>"; };
		EA30D1A123B348CD0025E1B4 /* ControllerWrapper.swift */ = {isa = PBXFileReference; lastKnownFileType = sourcecode.swift; path = ControllerWrapper.swift; sourceTree = "<group>"; };
		EA30D1A323B34A5C0025E1B4 /* MyViewController.swift */ = {isa = PBXFileReference; lastKnownFileType = sourcecode.swift; path = MyViewController.swift; sourceTree = "<group>"; };
		EA30D1A523B353110025E1B4 /* TextViewPage.swift */ = {isa = PBXFileReference; lastKnownFileType = sourcecode.swift; path = TextViewPage.swift; sourceTree = "<group>"; };
		EA30D1A723B35DF50025E1B4 /* TextFieldView.swift */ = {isa = PBXFileReference; lastKnownFileType = sourcecode.swift; path = TextFieldView.swift; sourceTree = "<group>"; };
		EA30D1A923B363630025E1B4 /* ButtonView.swift */ = {isa = PBXFileReference; lastKnownFileType = sourcecode.swift; path = ButtonView.swift; sourceTree = "<group>"; };
		EA30D1AB23B365260025E1B4 /* ImageViewSample.swift */ = {isa = PBXFileReference; lastKnownFileType = sourcecode.swift; path = ImageViewSample.swift; sourceTree = "<group>"; };
		EA30D1AD23B367140025E1B4 /* NavigationButtonView.swift */ = {isa = PBXFileReference; lastKnownFileType = sourcecode.swift; path = NavigationButtonView.swift; sourceTree = "<group>"; };
		EA48300F23B5F40C00E596DA /* WebImageViewSample.swift */ = {isa = PBXFileReference; lastKnownFileType = sourcecode.swift; path = WebImageViewSample.swift; sourceTree = "<group>"; };
		EA48301123B5F7D400E596DA /* PickerSample.swift */ = {isa = PBXFileReference; lastKnownFileType = sourcecode.swift; path = PickerSample.swift; sourceTree = "<group>"; };
		EA48301323B5F7F300E596DA /* DatePickerSample.swift */ = {isa = PBXFileReference; lastKnownFileType = sourcecode.swift; path = DatePickerSample.swift; sourceTree = "<group>"; };
		EA48301523B5F80B00E596DA /* ToggleSample.swift */ = {isa = PBXFileReference; lastKnownFileType = sourcecode.swift; path = ToggleSample.swift; sourceTree = "<group>"; };
		EA48301723B5F81800E596DA /* SliderSample.swift */ = {isa = PBXFileReference; lastKnownFileType = sourcecode.swift; path = SliderSample.swift; sourceTree = "<group>"; };
		EA48301923B5F82400E596DA /* StepperSample.swift */ = {isa = PBXFileReference; lastKnownFileType = sourcecode.swift; path = StepperSample.swift; sourceTree = "<group>"; };
		EA48301C23B6069B00E596DA /* DateExtension.swift */ = {isa = PBXFileReference; lastKnownFileType = sourcecode.swift; path = DateExtension.swift; sourceTree = "<group>"; };
		EA5DFFB023BDCA1E0007D1C6 /* NavigationViewSample.swift */ = {isa = PBXFileReference; lastKnownFileType = sourcecode.swift; path = NavigationViewSample.swift; sourceTree = "<group>"; };
		EA5DFFB223BDCA550007D1C6 /* TableViewSample.swift */ = {isa = PBXFileReference; lastKnownFileType = sourcecode.swift; path = TableViewSample.swift; sourceTree = "<group>"; };
		EA5DFFB423BDCACF0007D1C6 /* AlertViewSample.swift */ = {isa = PBXFileReference; lastKnownFileType = sourcecode.swift; path = AlertViewSample.swift; sourceTree = "<group>"; };
		EA5DFFB823BDCB3F0007D1C6 /* ModalViewSample.swift */ = {isa = PBXFileReference; lastKnownFileType = sourcecode.swift; path = ModalViewSample.swift; sourceTree = "<group>"; };
		EA5DFFBA23BDCB780007D1C6 /* PopoverViewSample.swift */ = {isa = PBXFileReference; lastKnownFileType = sourcecode.swift; path = PopoverViewSample.swift; sourceTree = "<group>"; };
		EA5DFFBC23BDE0E80007D1C6 /* ActionSheetSample.swift */ = {isa = PBXFileReference; lastKnownFileType = sourcecode.swift; path = ActionSheetSample.swift; sourceTree = "<group>"; };
		EAB408D623BAF693000127FC /* ForEachViewSample.swift */ = {isa = PBXFileReference; lastKnownFileType = sourcecode.swift; path = ForEachViewSample.swift; sourceTree = "<group>"; };
		EAB408D823BAF9AB000127FC /* GroupViewSample.swift */ = {isa = PBXFileReference; lastKnownFileType = sourcecode.swift; path = GroupViewSample.swift; sourceTree = "<group>"; };
		EAB408DA23BB1109000127FC /* SectionViewSample.swift */ = {isa = PBXFileReference; lastKnownFileType = sourcecode.swift; path = SectionViewSample.swift; sourceTree = "<group>"; };
		EAC40CA523B9E581002583B5 /* HStackViewSample.swift */ = {isa = PBXFileReference; lastKnownFileType = sourcecode.swift; path = HStackViewSample.swift; sourceTree = "<group>"; };
		EAC40CA723B9E599002583B5 /* VStackViewSample.swift */ = {isa = PBXFileReference; lastKnownFileType = sourcecode.swift; path = VStackViewSample.swift; sourceTree = "<group>"; };
		EAC40CA923B9FD48002583B5 /* ZStackViewSample.swift */ = {isa = PBXFileReference; lastKnownFileType = sourcecode.swift; path = ZStackViewSample.swift; sourceTree = "<group>"; };
		EAC40CAB23B9FE3A002583B5 /* ListViewSample.swift */ = {isa = PBXFileReference; lastKnownFileType = sourcecode.swift; path = ListViewSample.swift; sourceTree = "<group>"; };
		EAC40CAD23B9FEE4002583B5 /* ScrollViewSample.swift */ = {isa = PBXFileReference; lastKnownFileType = sourcecode.swift; path = ScrollViewSample.swift; sourceTree = "<group>"; };
/* End PBXFileReference section */

/* Begin PBXFrameworksBuildPhase section */
		EA30D18223B3312B0025E1B4 /* Frameworks */ = {
			isa = PBXFrameworksBuildPhase;
			buildActionMask = 2147483647;
			files = (
			);
			runOnlyForDeploymentPostprocessing = 0;
		};
/* End PBXFrameworksBuildPhase section */

/* Begin PBXGroup section */
		EA30D17C23B3312B0025E1B4 = {
			isa = PBXGroup;
			children = (
				EA30D18723B3312B0025E1B4 /* SwiftUISample */,
				EA30D18623B3312B0025E1B4 /* Products */,
			);
			sourceTree = "<group>";
		};
		EA30D18623B3312B0025E1B4 /* Products */ = {
			isa = PBXGroup;
			children = (
				EA30D18523B3312B0025E1B4 /* SwiftUISample.app */,
			);
			name = Products;
			sourceTree = "<group>";
		};
		EA30D18723B3312B0025E1B4 /* SwiftUISample */ = {
			isa = PBXGroup;
			children = (
				EA48301B23B6068500E596DA /* extension */,
				EA30D19C23B33B610025E1B4 /* View */,
				EA30D18823B3312B0025E1B4 /* AppDelegate.swift */,
				EA30D18A23B3312B0025E1B4 /* SceneDelegate.swift */,
				EA30D18C23B3312B0025E1B4 /* ContentView.swift */,
				EA30D18E23B3312F0025E1B4 /* Assets.xcassets */,
				EA30D19323B3312F0025E1B4 /* LaunchScreen.storyboard */,
				EA30D19623B3312F0025E1B4 /* Info.plist */,
				EA30D19023B3312F0025E1B4 /* Preview Content */,
			);
			path = SwiftUISample;
			sourceTree = "<group>";
		};
		EA30D19023B3312F0025E1B4 /* Preview Content */ = {
			isa = PBXGroup;
			children = (
				EA30D19123B3312F0025E1B4 /* Preview Assets.xcassets */,
			);
			path = "Preview Content";
			sourceTree = "<group>";
		};
		EA30D19C23B33B610025E1B4 /* View */ = {
			isa = PBXGroup;
			children = (
				EA30D19D23B33D7F0025E1B4 /* WebViewController.swift */,
				EA30D19F23B340E90025E1B4 /* ListRowView.swift */,
				EA30D1A123B348CD0025E1B4 /* ControllerWrapper.swift */,
				EA30D1A323B34A5C0025E1B4 /* MyViewController.swift */,
				EA30D1A523B353110025E1B4 /* TextViewPage.swift */,
				EA30D1A723B35DF50025E1B4 /* TextFieldView.swift */,
				EA30D1A923B363630025E1B4 /* ButtonView.swift */,
				EA30D1AD23B367140025E1B4 /* NavigationButtonView.swift */,
				EA30D1AB23B365260025E1B4 /* ImageViewSample.swift */,
				EA48300F23B5F40C00E596DA /* WebImageViewSample.swift */,
				EA48301123B5F7D400E596DA /* PickerSample.swift */,
				EA48301323B5F7F300E596DA /* DatePickerSample.swift */,
				EA48301523B5F80B00E596DA /* ToggleSample.swift */,
				EA48301723B5F81800E596DA /* SliderSample.swift */,
				EA48301923B5F82400E596DA /* StepperSample.swift */,
				EAC40CA523B9E581002583B5 /* HStackViewSample.swift */,
				EAC40CA723B9E599002583B5 /* VStackViewSample.swift */,
				EAC40CA923B9FD48002583B5 /* ZStackViewSample.swift */,
				EAC40CAB23B9FE3A002583B5 /* ListViewSample.swift */,
				EAC40CAD23B9FEE4002583B5 /* ScrollViewSample.swift */,
				EAB408D623BAF693000127FC /* ForEachViewSample.swift */,
				EAB408D823BAF9AB000127FC /* GroupViewSample.swift */,
				EAB408DA23BB1109000127FC /* SectionViewSample.swift */,
				EA5DFFB023BDCA1E0007D1C6 /* NavigationViewSample.swift */,
				EA5DFFB223BDCA550007D1C6 /* TableViewSample.swift */,
				EA5DFFB423BDCACF0007D1C6 /* AlertViewSample.swift */,
				EA5DFFBC23BDE0E80007D1C6 /* ActionSheetSample.swift */,
				EA5DFFB823BDCB3F0007D1C6 /* ModalViewSample.swift */,
				EA5DFFBA23BDCB780007D1C6 /* PopoverViewSample.swift */,
			);
			path = View;
			sourceTree = "<group>";
		};
		EA48301B23B6068500E596DA /* extension */ = {
			isa = PBXGroup;
			children = (
				EA48301C23B6069B00E596DA /* DateExtension.swift */,
			);
			path = extension;
			sourceTree = "<group>";
		};
/* End PBXGroup section */

/* Begin PBXNativeTarget section */
		EA30D18423B3312B0025E1B4 /* SwiftUISample */ = {
			isa = PBXNativeTarget;
			buildConfigurationList = EA30D19923B3312F0025E1B4 /* Build configuration list for PBXNativeTarget "SwiftUISample" */;
			buildPhases = (
				EA30D18123B3312B0025E1B4 /* Sources */,
				EA30D18223B3312B0025E1B4 /* Frameworks */,
				EA30D18323B3312B0025E1B4 /* Resources */,
			);
			buildRules = (
			);
			dependencies = (
			);
			name = SwiftUISample;
			productName = SwiftUISample;
			productReference = EA30D18523B3312B0025E1B4 /* SwiftUISample.app */;
			productType = "com.apple.product-type.application";
		};
/* End PBXNativeTarget section */

/* Begin PBXProject section */
		EA30D17D23B3312B0025E1B4 /* Project object */ = {
			isa = PBXProject;
			attributes = {
				LastSwiftUpdateCheck = 1120;
				LastUpgradeCheck = 1120;
				ORGANIZATIONNAME = tony;
				TargetAttributes = {
					EA30D18423B3312B0025E1B4 = {
						CreatedOnToolsVersion = 11.2.1;
					};
				};
			};
			buildConfigurationList = EA30D18023B3312B0025E1B4 /* Build configuration list for PBXProject "SwiftUISample" */;
			compatibilityVersion = "Xcode 9.3";
			developmentRegion = en;
			hasScannedForEncodings = 0;
			knownRegions = (
				en,
				Base,
			);
			mainGroup = EA30D17C23B3312B0025E1B4;
			productRefGroup = EA30D18623B3312B0025E1B4 /* Products */;
			projectDirPath = "";
			projectRoot = "";
			targets = (
				EA30D18423B3312B0025E1B4 /* SwiftUISample */,
			);
		};
/* End PBXProject section */

/* Begin PBXResourcesBuildPhase section */
		EA30D18323B3312B0025E1B4 /* Resources */ = {
			isa = PBXResourcesBuildPhase;
			buildActionMask = 2147483647;
			files = (
				EA30D19523B3312F0025E1B4 /* LaunchScreen.storyboard in Resources */,
				EA30D19223B3312F0025E1B4 /* Preview Assets.xcassets in Resources */,
				EA30D18F23B3312F0025E1B4 /* Assets.xcassets in Resources */,
			);
			runOnlyForDeploymentPostprocessing = 0;
		};
/* End PBXResourcesBuildPhase section */

/* Begin PBXSourcesBuildPhase section */
		EA30D18123B3312B0025E1B4 /* Sources */ = {
			isa = PBXSourcesBuildPhase;
			buildActionMask = 2147483647;
			files = (
				EAC40CAA23B9FD48002583B5 /* ZStackViewSample.swift in Sources */,
				EA30D18923B3312B0025E1B4 /* AppDelegate.swift in Sources */,
				EA48301623B5F80B00E596DA /* ToggleSample.swift in Sources */,
				EA30D18B23B3312B0025E1B4 /* SceneDelegate.swift in Sources */,
				EA30D1AA23B363630025E1B4 /* ButtonView.swift in Sources */,
				EAC40CAE23B9FEE4002583B5 /* ScrollViewSample.swift in Sources */,
				EA48301223B5F7D400E596DA /* PickerSample.swift in Sources */,
				EA48301D23B6069B00E596DA /* DateExtension.swift in Sources */,
				EA5DFFBB23BDCB780007D1C6 /* PopoverViewSample.swift in Sources */,
				EAC40CAC23B9FE3A002583B5 /* ListViewSample.swift in Sources */,
				EA48301A23B5F82400E596DA /* StepperSample.swift in Sources */,
				EA30D1A623B353110025E1B4 /* TextViewPage.swift in Sources */,
				EA5DFFB523BDCACF0007D1C6 /* AlertViewSample.swift in Sources */,
				EA48301023B5F40C00E596DA /* WebImageViewSample.swift in Sources */,
				EAB408D923BAF9AB000127FC /* GroupViewSample.swift in Sources */,
				EA48301823B5F81800E596DA /* SliderSample.swift in Sources */,
				EA30D1AE23B367140025E1B4 /* NavigationButtonView.swift in Sources */,
				EA30D1A023B340EA0025E1B4 /* ListRowView.swift in Sources */,
				EAC40CA823B9E599002583B5 /* VStackViewSample.swift in Sources */,
				EAC40CA623B9E581002583B5 /* HStackViewSample.swift in Sources */,
				EA5DFFB123BDCA1E0007D1C6 /* NavigationViewSample.swift in Sources */,
				EA5DFFBD23BDE0E80007D1C6 /* ActionSheetSample.swift in Sources */,
				EAB408DB23BB1109000127FC /* SectionViewSample.swift in Sources */,
				EAB408D723BAF693000127FC /* ForEachViewSample.swift in Sources */,
				EA30D1A423B34A5C0025E1B4 /* MyViewController.swift in Sources */,
				EA30D18D23B3312B0025E1B4 /* ContentView.swift in Sources */,
				EA30D19E23B33D7F0025E1B4 /* WebViewController.swift in Sources */,
				EA5DFFB923BDCB3F0007D1C6 /* ModalViewSample.swift in Sources */,
				EA30D1A223B348CD0025E1B4 /* ControllerWrapper.swift in Sources */,
				EA5DFFB323BDCA550007D1C6 /* TableViewSample.swift in Sources */,
				EA30D1A823B35DF50025E1B4 /* TextFieldView.swift in Sources */,
				EA48301423B5F7F300E596DA /* DatePickerSample.swift in Sources */,
				EA30D1AC23B365260025E1B4 /* ImageViewSample.swift in Sources */,
			);
			runOnlyForDeploymentPostprocessing = 0;
		};
/* End PBXSourcesBuildPhase section */

/* Begin PBXVariantGroup section */
		EA30D19323B3312F0025E1B4 /* LaunchScreen.storyboard */ = {
			isa = PBXVariantGroup;
			children = (
				EA30D19423B3312F0025E1B4 /* Base */,
			);
			name = LaunchScreen.storyboard;
			sourceTree = "<group>";
		};
/* End PBXVariantGroup section */

/* Begin XCBuildConfiguration section */
		EA30D19723B3312F0025E1B4 /* Debug */ = {
			isa = XCBuildConfiguration;
			buildSettings = {
				ALWAYS_SEARCH_USER_PATHS = NO;
				CLANG_ANALYZER_NONNULL = YES;
				CLANG_ANALYZER_NUMBER_OBJECT_CONVERSION = YES_AGGRESSIVE;
				CLANG_CXX_LANGUAGE_STANDARD = "gnu++14";
				CLANG_CXX_LIBRARY = "libc++";
				CLANG_ENABLE_MODULES = YES;
				CLANG_ENABLE_OBJC_ARC = YES;
				CLANG_ENABLE_OBJC_WEAK = YES;
				CLANG_WARN_BLOCK_CAPTURE_AUTORELEASING = YES;
				CLANG_WARN_BOOL_CONVERSION = YES;
				CLANG_WARN_COMMA = YES;
				CLANG_WARN_CONSTANT_CONVERSION = YES;
				CLANG_WARN_DEPRECATED_OBJC_IMPLEMENTATIONS = YES;
				CLANG_WARN_DIRECT_OBJC_ISA_USAGE = YES_ERROR;
				CLANG_WARN_DOCUMENTATION_COMMENTS = YES;
				CLANG_WARN_EMPTY_BODY = YES;
				CLANG_WARN_ENUM_CONVERSION = YES;
				CLANG_WARN_INFINITE_RECURSION = YES;
				CLANG_WARN_INT_CONVERSION = YES;
				CLANG_WARN_NON_LITERAL_NULL_CONVERSION = YES;
				CLANG_WARN_OBJC_IMPLICIT_RETAIN_SELF = YES;
				CLANG_WARN_OBJC_LITERAL_CONVERSION = YES;
				CLANG_WARN_OBJC_ROOT_CLASS = YES_ERROR;
				CLANG_WARN_RANGE_LOOP_ANALYSIS = YES;
				CLANG_WARN_STRICT_PROTOTYPES = YES;
				CLANG_WARN_SUSPICIOUS_MOVE = YES;
				CLANG_WARN_UNGUARDED_AVAILABILITY = YES_AGGRESSIVE;
				CLANG_WARN_UNREACHABLE_CODE = YES;
				CLANG_WARN__DUPLICATE_METHOD_MATCH = YES;
				COPY_PHASE_STRIP = NO;
				DEBUG_INFORMATION_FORMAT = dwarf;
				ENABLE_STRICT_OBJC_MSGSEND = YES;
				ENABLE_TESTABILITY = YES;
				GCC_C_LANGUAGE_STANDARD = gnu11;
				GCC_DYNAMIC_NO_PIC = NO;
				GCC_NO_COMMON_BLOCKS = YES;
				GCC_OPTIMIZATION_LEVEL = 0;
				GCC_PREPROCESSOR_DEFINITIONS = (
					"DEBUG=1",
					"$(inherited)",
				);
				GCC_WARN_64_TO_32_BIT_CONVERSION = YES;
				GCC_WARN_ABOUT_RETURN_TYPE = YES_ERROR;
				GCC_WARN_UNDECLARED_SELECTOR = YES;
				GCC_WARN_UNINITIALIZED_AUTOS = YES_AGGRESSIVE;
				GCC_WARN_UNUSED_FUNCTION = YES;
				GCC_WARN_UNUSED_VARIABLE = YES;
				IPHONEOS_DEPLOYMENT_TARGET = 13.2;
				MTL_ENABLE_DEBUG_INFO = INCLUDE_SOURCE;
				MTL_FAST_MATH = YES;
				ONLY_ACTIVE_ARCH = YES;
				SDKROOT = iphoneos;
				SWIFT_ACTIVE_COMPILATION_CONDITIONS = DEBUG;
				SWIFT_OPTIMIZATION_LEVEL = "-Onone";
			};
			name = Debug;
		};
		EA30D19823B3312F0025E1B4 /* Release */ = {
			isa = XCBuildConfiguration;
			buildSettings = {
				ALWAYS_SEARCH_USER_PATHS = NO;
				CLANG_ANALYZER_NONNULL = YES;
				CLANG_ANALYZER_NUMBER_OBJECT_CONVERSION = YES_AGGRESSIVE;
				CLANG_CXX_LANGUAGE_STANDARD = "gnu++14";
				CLANG_CXX_LIBRARY = "libc++";
				CLANG_ENABLE_MODULES = YES;
				CLANG_ENABLE_OBJC_ARC = YES;
				CLANG_ENABLE_OBJC_WEAK = YES;
				CLANG_WARN_BLOCK_CAPTURE_AUTORELEASING = YES;
				CLANG_WARN_BOOL_CONVERSION = YES;
				CLANG_WARN_COMMA = YES;
				CLANG_WARN_CONSTANT_CONVERSION = YES;
				CLANG_WARN_DEPRECATED_OBJC_IMPLEMENTATIONS = YES;
				CLANG_WARN_DIRECT_OBJC_ISA_USAGE = YES_ERROR;
				CLANG_WARN_DOCUMENTATION_COMMENTS = YES;
				CLANG_WARN_EMPTY_BODY = YES;
				CLANG_WARN_ENUM_CONVERSION = YES;
				CLANG_WARN_INFINITE_RECURSION = YES;
				CLANG_WARN_INT_CONVERSION = YES;
				CLANG_WARN_NON_LITERAL_NULL_CONVERSION = YES;
				CLANG_WARN_OBJC_IMPLICIT_RETAIN_SELF = YES;
				CLANG_WARN_OBJC_LITERAL_CONVERSION = YES;
				CLANG_WARN_OBJC_ROOT_CLASS = YES_ERROR;
				CLANG_WARN_RANGE_LOOP_ANALYSIS = YES;
				CLANG_WARN_STRICT_PROTOTYPES = YES;
				CLANG_WARN_SUSPICIOUS_MOVE = YES;
				CLANG_WARN_UNGUARDED_AVAILABILITY = YES_AGGRESSIVE;
				CLANG_WARN_UNREACHABLE_CODE = YES;
				CLANG_WARN__DUPLICATE_METHOD_MATCH = YES;
				COPY_PHASE_STRIP = NO;
				DEBUG_INFORMATION_FORMAT = "dwarf-with-dsym";
				ENABLE_NS_ASSERTIONS = NO;
				ENABLE_STRICT_OBJC_MSGSEND = YES;
				GCC_C_LANGUAGE_STANDARD = gnu11;
				GCC_NO_COMMON_BLOCKS = YES;
				GCC_WARN_64_TO_32_BIT_CONVERSION = YES;
				GCC_WARN_ABOUT_RETURN_TYPE = YES_ERROR;
				GCC_WARN_UNDECLARED_SELECTOR = YES;
				GCC_WARN_UNINITIALIZED_AUTOS = YES_AGGRESSIVE;
				GCC_WARN_UNUSED_FUNCTION = YES;
				GCC_WARN_UNUSED_VARIABLE = YES;
				IPHONEOS_DEPLOYMENT_TARGET = 13.2;
				MTL_ENABLE_DEBUG_INFO = NO;
				MTL_FAST_MATH = YES;
				SDKROOT = iphoneos;
				SWIFT_COMPILATION_MODE = wholemodule;
				SWIFT_OPTIMIZATION_LEVEL = "-O";
				VALIDATE_PRODUCT = YES;
			};
			name = Release;
		};
		EA30D19A23B3312F0025E1B4 /* Debug */ = {
			isa = XCBuildConfiguration;
			buildSettings = {
				ASSETCATALOG_COMPILER_APPICON_NAME = AppIcon;
				CODE_SIGN_STYLE = Automatic;
				DEVELOPMENT_ASSET_PATHS = "\"SwiftUISample/Preview Content\"";
				ENABLE_PREVIEWS = YES;
				INFOPLIST_FILE = SwiftUISample/Info.plist;
				LD_RUNPATH_SEARCH_PATHS = (
					"$(inherited)",
					"@executable_path/Frameworks",
				);
				PRODUCT_BUNDLE_IDENTIFIER = chengkaizone.SwiftUISample;
				PRODUCT_NAME = "$(TARGET_NAME)";
				SWIFT_VERSION = 5.0;
				TARGETED_DEVICE_FAMILY = "1,2";
			};
			name = Debug;
		};
		EA30D19B23B3312F0025E1B4 /* Release */ = {
			isa = XCBuildConfiguration;
			buildSettings = {
				ASSETCATALOG_COMPILER_APPICON_NAME = AppIcon;
				CODE_SIGN_STYLE = Automatic;
				DEVELOPMENT_ASSET_PATHS = "\"SwiftUISample/Preview Content\"";
				ENABLE_PREVIEWS = YES;
				INFOPLIST_FILE = SwiftUISample/Info.plist;
				LD_RUNPATH_SEARCH_PATHS = (
					"$(inherited)",
					"@executable_path/Frameworks",
				);
				PRODUCT_BUNDLE_IDENTIFIER = chengkaizone.SwiftUISample;
				PRODUCT_NAME = "$(TARGET_NAME)";
				SWIFT_VERSION = 5.0;
				TARGETED_DEVICE_FAMILY = "1,2";
			};
			name = Release;
		};
/* End XCBuildConfiguration section */

/* Begin XCConfigurationList section */
		EA30D18023B3312B0025E1B4 /* Build configuration list for PBXProject "SwiftUISample" */ = {
			isa = XCConfigurationList;
			buildConfigurations = (
				EA30D19723B3312F0025E1B4 /* Debug */,
				EA30D19823B3312F0025E1B4 /* Release */,
			);
			defaultConfigurationIsVisible = 0;
			defaultConfigurationName = Release;
		};
		EA30D19923B3312F0025E1B4 /* Build configuration list for PBXNativeTarget "SwiftUISample" */ = {
			isa = XCConfigurationList;
			buildConfigurations = (
				EA30D19A23B3312F0025E1B4 /* Debug */,
				EA30D19B23B3312F0025E1B4 /* Release */,
			);
			defaultConfigurationIsVisible = 0;
			defaultConfigurationName = Release;
		};
/* End XCConfigurationList section */
	};
	rootObject = EA30D17D23B3312B0025E1B4 /* Project object */;
}
